
Microsoft Visual Studio Solution File, Format Version 12.00
# Visual Studio Version 17
VisualStudioVersion = 17.14.36301.6 d17.14
MinimumVisualStudioVersion = 10.0.40219.1
Project("{FAE04EC0-301F-11D3-BF4B-00C04F79EFBC}") = "RoutingWithoutMVC", "RoutingWithoutMVC.csproj", "{F711D003-4312-475F-B92D-449223C317CD}"
EndProject
Global
	GlobalSection(SolutionConfigurationPlatforms) = preSolution
		Debug|Any CPU = Debug|Any CPU
		Release|Any CPU = Release|Any CPU
	EndGlobalSection
	GlobalSection(ProjectConfigurationPlatforms) = postSolution
		{F711D003-4312-475F-B92D-449223C317CD}.Debug|Any CPU.ActiveCfg = Debug|Any CPU
		{F711D003-4312-475F-B92D-449223C317CD}.Debug|Any CPU.Build.0 = Debug|Any CPU
		{F711D003-4312-475F-B92D-449223C317CD}.Release|Any CPU.ActiveCfg = Release|Any CPU
		{F711D003-4312-475F-B92D-449223C317CD}.Release|Any CPU.Build.0 = Release|Any CPU
	EndGlobalSection
	GlobalSection(SolutionProperties) = preSolution
		HideSolutionNode = FALSE
	EndGlobalSection
	GlobalSection(ExtensibilityGlobals) = postSolution
		SolutionGuid = {818DF7E9-E0BE-4A41-B2A4-DB7740A54E0B}
	EndGlobalSection
EndGlobal
