
Microsoft Visual Studio Solution File, Format Version 12.00
# Visual Studio Version 17
VisualStudioVersion = 17.14.36301.6 d17.14
MinimumVisualStudioVersion = 10.0.40219.1
Project("{FAE04EC0-301F-11D3-BF4B-00C04F79EFBC}") = "ASPCoreImageTAGHalper", "ASPCoreImageTAGHalper.csproj", "{40B4FFB0-1800-40E1-AEEC-BB8006733C6F}"
EndProject
Global
	GlobalSection(SolutionConfigurationPlatforms) = preSolution
		Debug|Any CPU = Debug|Any CPU
		Release|Any CPU = Release|Any CPU
	EndGlobalSection
	GlobalSection(ProjectConfigurationPlatforms) = postSolution
		{40B4FFB0-1800-40E1-AEEC-BB8006733C6F}.Debug|Any CPU.ActiveCfg = Debug|Any CPU
		{40B4FFB0-1800-40E1-AEEC-BB8006733C6F}.Debug|Any CPU.Build.0 = Debug|Any CPU
		{40B4FFB0-1800-40E1-AEEC-BB8006733C6F}.Release|Any CPU.ActiveCfg = Release|Any CPU
		{40B4FFB0-1800-40E1-AEEC-BB8006733C6F}.Release|Any CPU.Build.0 = Release|Any CPU
	EndGlobalSection
	GlobalSection(SolutionProperties) = preSolution
		HideSolutionNode = FALSE
	EndGlobalSection
	GlobalSection(ExtensibilityGlobals) = postSolution
		SolutionGuid = {8C956DA6-2AA3-4BC2-BA69-E7C3B6F5F893}
	EndGlobalSection
EndGlobal
